
Microsoft Visual Studio Solution File, Format Version 12.00
# Visual Studio Version 16
VisualStudioVersion = 16.0.34031.81
MinimumVisualStudioVersion = 10.0.40219.1
Project("{2150E333-8FDC-42A3-9474-1A3956D46DE8}") = "Task0", "Task0", "{67BE2D2A-E12D-4838-9043-881CCC1CCAD9}"
EndProject
Project("{FAE04EC0-301F-11D3-BF4B-00C04F79EFBC}") = "Tyuiu.ShtolAA.Sprint4.Task0.V24", "Tyuiu.ShtolAA.Sprint4.Task0.V24\Tyuiu.ShtolAA.Sprint4.Task0.V24.csproj", "{DA1E514B-152A-4CB2-8115-77642AFB24F6}"
EndProject
Project("{FAE04EC0-301F-11D3-BF4B-00C04F79EFBC}") = "Tyuiu.ShtolAA.Sprint4.Task0.V24.Lib", "Tyuiu.ShtolAA.Sprint4.Task0.V24.Lib\Tyuiu.ShtolAA.Sprint4.Task0.V24.Lib.csproj", "{C06EA0CF-208D-4D66-AC9E-AEB2565BDC4A}"
EndProject
Project("{FAE04EC0-301F-11D3-BF4B-00C04F79EFBC}") = "Tyuiu.ShtolAA.Sprint4.Task0.V24.Test", "Tyuiu.ShtolAA.Sprint4.Task0.V24.Test\Tyuiu.ShtolAA.Sprint4.Task0.V24.Test.csproj", "{C5B2432B-9DD0-4E2C-9DF2-5760186495AF}"
EndProject
Project("{2150E333-8FDC-42A3-9474-1A3956D46DE8}") = "Task1", "Task1", "{54AC62C1-E2AB-42AB-994A-BABEC569A71D}"
EndProject
Project("{FAE04EC0-301F-11D3-BF4B-00C04F79EFBC}") = "Tyuiu.ShtolAA.Sprint4.Task1.V15", "Tyuiu.ShtolAA.Sprint4.Task1.V15\Tyuiu.ShtolAA.Sprint4.Task1.V15.csproj", "{EC0BD31D-5B22-49C4-9FF4-E3AC1B05ED12}"
EndProject
Project("{FAE04EC0-301F-11D3-BF4B-00C04F79EFBC}") = "Tyuiu.ShtolAA.Sprint4.Task1.V15.Lib", "Tyuiu.ShtolAA.Sprint4.Task1.V15.Lib\Tyuiu.ShtolAA.Sprint4.Task1.V15.Lib.csproj", "{40E17B83-0684-4019-820A-7CFFDD9F90AC}"
EndProject
Project("{FAE04EC0-301F-11D3-BF4B-00C04F79EFBC}") = "Tyuiu.ShtolAA.Sprint4.Task1.V15.Test", "Tyuiu.ShtolAA.Sprint4.Task1.V15.Test\Tyuiu.ShtolAA.Sprint4.Task1.V15.Test.csproj", "{BD1C06E7-E24E-41FD-AB54-3127C38C9E44}"
EndProject
Project("{2150E333-8FDC-42A3-9474-1A3956D46DE8}") = "Task2", "Task2", "{254D6E0D-DB4D-4358-9EB1-C7D7555D963F}"
EndProject
Project("{FAE04EC0-301F-11D3-BF4B-00C04F79EFBC}") = "Tyuiu.ShtolAA.Sprint4.Task2.V10", "Tyuiu.ShtolAA.Sprint4.Task2.V10\Tyuiu.ShtolAA.Sprint4.Task2.V10.csproj", "{CE40AB4C-F32A-4D74-AD1E-77E4955DEC83}"
EndProject
Project("{FAE04EC0-301F-11D3-BF4B-00C04F79EFBC}") = "Tyuiu.ShtolAA.Sprint4.Task2.V10.Lib", "Tyuiu.ShtolAA.Sprint4.Task2.V10.Lib\Tyuiu.ShtolAA.Sprint4.Task2.V10.Lib.csproj", "{F6B775D7-A155-4A7E-AF2E-7E4272BFD764}"
EndProject
Project("{FAE04EC0-301F-11D3-BF4B-00C04F79EFBC}") = "Tyuiu.ShtolAA.Sprint4.Task2.V10.Test", "Tyuiu.ShtolAA.Sprint4.Task2.V10.Test\Tyuiu.ShtolAA.Sprint4.Task2.V10.Test.csproj", "{884699CA-D9BE-40ED-A935-ADB02F08BC80}"
EndProject
Project("{2150E333-8FDC-42A3-9474-1A3956D46DE8}") = "Task3", "Task3", "{F26D6128-DA07-459F-8709-9211C5575BFF}"
EndProject
Project("{FAE04EC0-301F-11D3-BF4B-00C04F79EFBC}") = "Tyuiu.ShtolAA.Sprint4.Task3.V26", "Tyuiu.ShtolAA.Sprint4.Task3.V26\Tyuiu.ShtolAA.Sprint4.Task3.V26.csproj", "{62C346BE-099E-41EC-B1B9-AB7D129D95C4}"
EndProject
Project("{FAE04EC0-301F-11D3-BF4B-00C04F79EFBC}") = "Tyuiu.ShtolAA.Sprint4.Task3.V26.Lib", "Tyuiu.ShtolAA.Sprint4.Task3.V26.Lib\Tyuiu.ShtolAA.Sprint4.Task3.V26.Lib.csproj", "{5FACA96B-C9C1-46F1-86F5-C197F878505F}"
EndProject
Project("{FAE04EC0-301F-11D3-BF4B-00C04F79EFBC}") = "Tyuiu.ShtolAA.Sprint4.Task3.V26.Test", "Tyuiu.ShtolAA.Sprint4.Task3.V26.Test\Tyuiu.ShtolAA.Sprint4.Task3.V26.Test.csproj", "{DCD8ACD0-779E-4510-9D14-7A6D628E2CDE}"
EndProject
Project("{2150E333-8FDC-42A3-9474-1A3956D46DE8}") = "Task4", "Task4", "{DABBF880-B73E-4657-96A1-CA5C1CF38F28}"
EndProject
Project("{FAE04EC0-301F-11D3-BF4B-00C04F79EFBC}") = "Tyuiu.ShtolAA.Sprint4.Task4.V30", "Tyuiu.ShtolAA.Sprint4.Task4.V30\Tyuiu.ShtolAA.Sprint4.Task4.V30.csproj", "{58835920-8C1B-4689-A6FD-05F946898893}"
EndProject
Project("{FAE04EC0-301F-11D3-BF4B-00C04F79EFBC}") = "Tyuiu.ShtolAA.Sprint4.Task4.V30.Lib", "Tyuiu.ShtolAA.Sprint4.Task4.V30.Lib\Tyuiu.ShtolAA.Sprint4.Task4.V30.Lib.csproj", "{3D0E0FE1-E024-48B7-A992-750044905357}"
EndProject
Project("{FAE04EC0-301F-11D3-BF4B-00C04F79EFBC}") = "Tyuiu.ShtolAA.Sprint4.Task4.V30.Test", "Tyuiu.ShtolAA.Sprint4.Task4.V30.Test\Tyuiu.ShtolAA.Sprint4.Task4.V30.Test.csproj", "{0879D429-3FC5-4166-A999-AD792DC6A07D}"
EndProject
Project("{2150E333-8FDC-42A3-9474-1A3956D46DE8}") = "Task5", "Task5", "{606281C9-4C36-4CC0-B5D1-0A5C100A7183}"
EndProject
Project("{FAE04EC0-301F-11D3-BF4B-00C04F79EFBC}") = "Tyuiu.ShtolAA.Sprint4.Task5.V9", "Tyuiu.ShtolAA.Sprint4.Task5.V9\Tyuiu.ShtolAA.Sprint4.Task5.V9.csproj", "{AA09297B-E283-46F8-9815-528DF0B242E7}"
EndProject
Project("{FAE04EC0-301F-11D3-BF4B-00C04F79EFBC}") = "Tyuiu.ShtolAA.Sprint4.Task5.V9.Lib", "Tyuiu.ShtolAA.Sprint4.Task5.V9.Lib\Tyuiu.ShtolAA.Sprint4.Task5.V9.Lib.csproj", "{94D05C97-CAFD-4911-A64D-0646D43CB224}"
EndProject
Project("{FAE04EC0-301F-11D3-BF4B-00C04F79EFBC}") = "Tyuiu.ShtolAA.Sprint4.Task5.V9.Test", "Tyuiu.ShtolAA.Sprint4.Task5.V9.Test\Tyuiu.ShtolAA.Sprint4.Task5.V9.Test.csproj", "{D40F1EA9-2FCC-4133-9298-A3D27C1896D3}"
EndProject
Project("{2150E333-8FDC-42A3-9474-1A3956D46DE8}") = "Task6", "Task6", "{2D2B7287-5E3A-4F9B-81C7-1FF9E47DC244}"
EndProject
Project("{FAE04EC0-301F-11D3-BF4B-00C04F79EFBC}") = "Tyuiu.ShtolAA.Sprint4.Task6.V6", "Tyuiu.ShtolAA.Sprint4.Task6.V6\Tyuiu.ShtolAA.Sprint4.Task6.V6.csproj", "{A5E5D339-3ECC-4770-B63E-AF5A17FFA571}"
EndProject
Project("{FAE04EC0-301F-11D3-BF4B-00C04F79EFBC}") = "Tyuiu.ShtolAA.Sprint4.Task6.V6.Lib", "Tyuiu.ShtolAA.Sprint4.Task6.V6.Lib\Tyuiu.ShtolAA.Sprint4.Task6.V6.Lib.csproj", "{316A3411-9097-4D68-92AA-0E34973BFFBC}"
EndProject
Project("{FAE04EC0-301F-11D3-BF4B-00C04F79EFBC}") = "Tyuiu.ShtolAA.Sprint4.Task6.V6.Test", "Tyuiu.ShtolAA.Sprint4.Task6.V6.Test\Tyuiu.ShtolAA.Sprint4.Task6.V6.Test.csproj", "{279EB98B-DF61-4078-88AB-3A5A354E38B7}"
EndProject
Global
	GlobalSection(SolutionConfigurationPlatforms) = preSolution
		Debug|Any CPU = Debug|Any CPU
		Release|Any CPU = Release|Any CPU
	EndGlobalSection
	GlobalSection(ProjectConfigurationPlatforms) = postSolution
		{DA1E514B-152A-4CB2-8115-77642AFB24F6}.Debug|Any CPU.ActiveCfg = Debug|Any CPU
		{DA1E514B-152A-4CB2-8115-77642AFB24F6}.Debug|Any CPU.Build.0 = Debug|Any CPU
		{DA1E514B-152A-4CB2-8115-77642AFB24F6}.Release|Any CPU.ActiveCfg = Release|Any CPU
		{DA1E514B-152A-4CB2-8115-77642AFB24F6}.Release|Any CPU.Build.0 = Release|Any CPU
		{C06EA0CF-208D-4D66-AC9E-AEB2565BDC4A}.Debug|Any CPU.ActiveCfg = Debug|Any CPU
		{C06EA0CF-208D-4D66-AC9E-AEB2565BDC4A}.Debug|Any CPU.Build.0 = Debug|Any CPU
		{C06EA0CF-208D-4D66-AC9E-AEB2565BDC4A}.Release|Any CPU.ActiveCfg = Release|Any CPU
		{C06EA0CF-208D-4D66-AC9E-AEB2565BDC4A}.Release|Any CPU.Build.0 = Release|Any CPU
		{C5B2432B-9DD0-4E2C-9DF2-5760186495AF}.Debug|Any CPU.ActiveCfg = Debug|Any CPU
		{C5B2432B-9DD0-4E2C-9DF2-5760186495AF}.Debug|Any CPU.Build.0 = Debug|Any CPU
		{C5B2432B-9DD0-4E2C-9DF2-5760186495AF}.Release|Any CPU.ActiveCfg = Release|Any CPU
		{C5B2432B-9DD0-4E2C-9DF2-5760186495AF}.Release|Any CPU.Build.0 = Release|Any CPU
		{EC0BD31D-5B22-49C4-9FF4-E3AC1B05ED12}.Debug|Any CPU.ActiveCfg = Debug|Any CPU
		{EC0BD31D-5B22-49C4-9FF4-E3AC1B05ED12}.Debug|Any CPU.Build.0 = Debug|Any CPU
		{EC0BD31D-5B22-49C4-9FF4-E3AC1B05ED12}.Release|Any CPU.ActiveCfg = Release|Any CPU
		{EC0BD31D-5B22-49C4-9FF4-E3AC1B05ED12}.Release|Any CPU.Build.0 = Release|Any CPU
		{40E17B83-0684-4019-820A-7CFFDD9F90AC}.Debug|Any CPU.ActiveCfg = Debug|Any CPU
		{40E17B83-0684-4019-820A-7CFFDD9F90AC}.Debug|Any CPU.Build.0 = Debug|Any CPU
		{40E17B83-0684-4019-820A-7CFFDD9F90AC}.Release|Any CPU.ActiveCfg = Release|Any CPU
		{40E17B83-0684-4019-820A-7CFFDD9F90AC}.Release|Any CPU.Build.0 = Release|Any CPU
		{BD1C06E7-E24E-41FD-AB54-3127C38C9E44}.Debug|Any CPU.ActiveCfg = Debug|Any CPU
		{BD1C06E7-E24E-41FD-AB54-3127C38C9E44}.Debug|Any CPU.Build.0 = Debug|Any CPU
		{BD1C06E7-E24E-41FD-AB54-3127C38C9E44}.Release|Any CPU.ActiveCfg = Release|Any CPU
		{BD1C06E7-E24E-41FD-AB54-3127C38C9E44}.Release|Any CPU.Build.0 = Release|Any CPU
		{CE40AB4C-F32A-4D74-AD1E-77E4955DEC83}.Debug|Any CPU.ActiveCfg = Debug|Any CPU
		{CE40AB4C-F32A-4D74-AD1E-77E4955DEC83}.Debug|Any CPU.Build.0 = Debug|Any CPU
		{CE40AB4C-F32A-4D74-AD1E-77E4955DEC83}.Release|Any CPU.ActiveCfg = Release|Any CPU
		{CE40AB4C-F32A-4D74-AD1E-77E4955DEC83}.Release|Any CPU.Build.0 = Release|Any CPU
		{F6B775D7-A155-4A7E-AF2E-7E4272BFD764}.Debug|Any CPU.ActiveCfg = Debug|Any CPU
		{F6B775D7-A155-4A7E-AF2E-7E4272BFD764}.Debug|Any CPU.Build.0 = Debug|Any CPU
		{F6B775D7-A155-4A7E-AF2E-7E4272BFD764}.Release|Any CPU.ActiveCfg = Release|Any CPU
		{F6B775D7-A155-4A7E-AF2E-7E4272BFD764}.Release|Any CPU.Build.0 = Release|Any CPU
		{884699CA-D9BE-40ED-A935-ADB02F08BC80}.Debug|Any CPU.ActiveCfg = Debug|Any CPU
		{884699CA-D9BE-40ED-A935-ADB02F08BC80}.Debug|Any CPU.Build.0 = Debug|Any CPU
		{884699CA-D9BE-40ED-A935-ADB02F08BC80}.Release|Any CPU.ActiveCfg = Release|Any CPU
		{884699CA-D9BE-40ED-A935-ADB02F08BC80}.Release|Any CPU.Build.0 = Release|Any CPU
		{62C346BE-099E-41EC-B1B9-AB7D129D95C4}.Debug|Any CPU.ActiveCfg = Debug|Any CPU
		{62C346BE-099E-41EC-B1B9-AB7D129D95C4}.Debug|Any CPU.Build.0 = Debug|Any CPU
		{62C346BE-099E-41EC-B1B9-AB7D129D95C4}.Release|Any CPU.ActiveCfg = Release|Any CPU
		{62C346BE-099E-41EC-B1B9-AB7D129D95C4}.Release|Any CPU.Build.0 = Release|Any CPU
		{5FACA96B-C9C1-46F1-86F5-C197F878505F}.Debug|Any CPU.ActiveCfg = Debug|Any CPU
		{5FACA96B-C9C1-46F1-86F5-C197F878505F}.Debug|Any CPU.Build.0 = Debug|Any CPU
		{5FACA96B-C9C1-46F1-86F5-C197F878505F}.Release|Any CPU.ActiveCfg = Release|Any CPU
		{5FACA96B-C9C1-46F1-86F5-C197F878505F}.Release|Any CPU.Build.0 = Release|Any CPU
		{DCD8ACD0-779E-4510-9D14-7A6D628E2CDE}.Debug|Any CPU.ActiveCfg = Debug|Any CPU
		{DCD8ACD0-779E-4510-9D14-7A6D628E2CDE}.Debug|Any CPU.Build.0 = Debug|Any CPU
		{DCD8ACD0-779E-4510-9D14-7A6D628E2CDE}.Release|Any CPU.ActiveCfg = Release|Any CPU
		{DCD8ACD0-779E-4510-9D14-7A6D628E2CDE}.Release|Any CPU.Build.0 = Release|Any CPU
		{58835920-8C1B-4689-A6FD-05F946898893}.Debug|Any CPU.ActiveCfg = Debug|Any CPU
		{58835920-8C1B-4689-A6FD-05F946898893}.Debug|Any CPU.Build.0 = Debug|Any CPU
		{58835920-8C1B-4689-A6FD-05F946898893}.Release|Any CPU.ActiveCfg = Release|Any CPU
		{58835920-8C1B-4689-A6FD-05F946898893}.Release|Any CPU.Build.0 = Release|Any CPU
		{3D0E0FE1-E024-48B7-A992-750044905357}.Debug|Any CPU.ActiveCfg = Debug|Any CPU
		{3D0E0FE1-E024-48B7-A992-750044905357}.Debug|Any CPU.Build.0 = Debug|Any CPU
		{3D0E0FE1-E024-48B7-A992-750044905357}.Release|Any CPU.ActiveCfg = Release|Any CPU
		{3D0E0FE1-E024-48B7-A992-750044905357}.Release|Any CPU.Build.0 = Release|Any CPU
		{0879D429-3FC5-4166-A999-AD792DC6A07D}.Debug|Any CPU.ActiveCfg = Debug|Any CPU
		{0879D429-3FC5-4166-A999-AD792DC6A07D}.Debug|Any CPU.Build.0 = Debug|Any CPU
		{0879D429-3FC5-4166-A999-AD792DC6A07D}.Release|Any CPU.ActiveCfg = Release|Any CPU
		{0879D429-3FC5-4166-A999-AD792DC6A07D}.Release|Any CPU.Build.0 = Release|Any CPU
		{AA09297B-E283-46F8-9815-528DF0B242E7}.Debug|Any CPU.ActiveCfg = Debug|Any CPU
		{AA09297B-E283-46F8-9815-528DF0B242E7}.Debug|Any CPU.Build.0 = Debug|Any CPU
		{AA09297B-E283-46F8-9815-528DF0B242E7}.Release|Any CPU.ActiveCfg = Release|Any CPU
		{AA09297B-E283-46F8-9815-528DF0B242E7}.Release|Any CPU.Build.0 = Release|Any CPU
		{94D05C97-CAFD-4911-A64D-0646D43CB224}.Debug|Any CPU.ActiveCfg = Debug|Any CPU
		{94D05C97-CAFD-4911-A64D-0646D43CB224}.Debug|Any CPU.Build.0 = Debug|Any CPU
		{94D05C97-CAFD-4911-A64D-0646D43CB224}.Release|Any CPU.ActiveCfg = Release|Any CPU
		{94D05C97-CAFD-4911-A64D-0646D43CB224}.Release|Any CPU.Build.0 = Release|Any CPU
		{D40F1EA9-2FCC-4133-9298-A3D27C1896D3}.Debug|Any CPU.ActiveCfg = Debug|Any CPU
		{D40F1EA9-2FCC-4133-9298-A3D27C1896D3}.Debug|Any CPU.Build.0 = Debug|Any CPU
		{D40F1EA9-2FCC-4133-9298-A3D27C1896D3}.Release|Any CPU.ActiveCfg = Release|Any CPU
		{D40F1EA9-2FCC-4133-9298-A3D27C1896D3}.Release|Any CPU.Build.0 = Release|Any CPU
		{A5E5D339-3ECC-4770-B63E-AF5A17FFA571}.Debug|Any CPU.ActiveCfg = Debug|Any CPU
		{A5E5D339-3ECC-4770-B63E-AF5A17FFA571}.Debug|Any CPU.Build.0 = Debug|Any CPU
		{A5E5D339-3ECC-4770-B63E-AF5A17FFA571}.Release|Any CPU.ActiveCfg = Release|Any CPU
		{A5E5D339-3ECC-4770-B63E-AF5A17FFA571}.Release|Any CPU.Build.0 = Release|Any CPU
		{316A3411-9097-4D68-92AA-0E34973BFFBC}.Debug|Any CPU.ActiveCfg = Debug|Any CPU
		{316A3411-9097-4D68-92AA-0E34973BFFBC}.Debug|Any CPU.Build.0 = Debug|Any CPU
		{316A3411-9097-4D68-92AA-0E34973BFFBC}.Release|Any CPU.ActiveCfg = Release|Any CPU
		{316A3411-9097-4D68-92AA-0E34973BFFBC}.Release|Any CPU.Build.0 = Release|Any CPU
		{279EB98B-DF61-4078-88AB-3A5A354E38B7}.Debug|Any CPU.ActiveCfg = Debug|Any CPU
		{279EB98B-DF61-4078-88AB-3A5A354E38B7}.Debug|Any CPU.Build.0 = Debug|Any CPU
		{279EB98B-DF61-4078-88AB-3A5A354E38B7}.Release|Any CPU.ActiveCfg = Release|Any CPU
		{279EB98B-DF61-4078-88AB-3A5A354E38B7}.Release|Any CPU.Build.0 = Release|Any CPU
	EndGlobalSection
	GlobalSection(SolutionProperties) = preSolution
		HideSolutionNode = FALSE
	EndGlobalSection
	GlobalSection(NestedProjects) = preSolution
		{DA1E514B-152A-4CB2-8115-77642AFB24F6} = {67BE2D2A-E12D-4838-9043-881CCC1CCAD9}
		{C06EA0CF-208D-4D66-AC9E-AEB2565BDC4A} = {67BE2D2A-E12D-4838-9043-881CCC1CCAD9}
		{C5B2432B-9DD0-4E2C-9DF2-5760186495AF} = {67BE2D2A-E12D-4838-9043-881CCC1CCAD9}
		{EC0BD31D-5B22-49C4-9FF4-E3AC1B05ED12} = {54AC62C1-E2AB-42AB-994A-BABEC569A71D}
		{40E17B83-0684-4019-820A-7CFFDD9F90AC} = {54AC62C1-E2AB-42AB-994A-BABEC569A71D}
		{BD1C06E7-E24E-41FD-AB54-3127C38C9E44} = {54AC62C1-E2AB-42AB-994A-BABEC569A71D}
		{CE40AB4C-F32A-4D74-AD1E-77E4955DEC83} = {254D6E0D-DB4D-4358-9EB1-C7D7555D963F}
		{F6B775D7-A155-4A7E-AF2E-7E4272BFD764} = {254D6E0D-DB4D-4358-9EB1-C7D7555D963F}
		{884699CA-D9BE-40ED-A935-ADB02F08BC80} = {254D6E0D-DB4D-4358-9EB1-C7D7555D963F}
		{62C346BE-099E-41EC-B1B9-AB7D129D95C4} = {F26D6128-DA07-459F-8709-9211C5575BFF}
		{5FACA96B-C9C1-46F1-86F5-C197F878505F} = {F26D6128-DA07-459F-8709-9211C5575BFF}
		{DCD8ACD0-779E-4510-9D14-7A6D628E2CDE} = {F26D6128-DA07-459F-8709-9211C5575BFF}
		{58835920-8C1B-4689-A6FD-05F946898893} = {DABBF880-B73E-4657-96A1-CA5C1CF38F28}
		{3D0E0FE1-E024-48B7-A992-750044905357} = {DABBF880-B73E-4657-96A1-CA5C1CF38F28}
		{0879D429-3FC5-4166-A999-AD792DC6A07D} = {DABBF880-B73E-4657-96A1-CA5C1CF38F28}
		{AA09297B-E283-46F8-9815-528DF0B242E7} = {606281C9-4C36-4CC0-B5D1-0A5C100A7183}
		{94D05C97-CAFD-4911-A64D-0646D43CB224} = {606281C9-4C36-4CC0-B5D1-0A5C100A7183}
		{D40F1EA9-2FCC-4133-9298-A3D27C1896D3} = {606281C9-4C36-4CC0-B5D1-0A5C100A7183}
		{A5E5D339-3ECC-4770-B63E-AF5A17FFA571} = {2D2B7287-5E3A-4F9B-81C7-1FF9E47DC244}
		{316A3411-9097-4D68-92AA-0E34973BFFBC} = {2D2B7287-5E3A-4F9B-81C7-1FF9E47DC244}
		{279EB98B-DF61-4078-88AB-3A5A354E38B7} = {2D2B7287-5E3A-4F9B-81C7-1FF9E47DC244}
	EndGlobalSection
	GlobalSection(ExtensibilityGlobals) = postSolution
		SolutionGuid = {53D5CA69-AC2A-4453-92A3-5E62A054FA42}
	EndGlobalSection
EndGlobal
